
Microsoft Visual Studio Solution File, Format Version 12.00
# Visual Studio Version 17
VisualStudioVersion = 17.9.34616.47
MinimumVisualStudioVersion = 10.0.40219.1
Project("{FAE04EC0-301F-11D3-BF4B-00C04F79EFBC}") = "LE_ClassesandMEthods_StephanieLopez", "LE_ClassesandMEthods_StephanieLopez.csproj", "{0F44D31C-1415-43CB-9735-19414D581E69}"
EndProject
Global
	GlobalSection(SolutionConfigurationPlatforms) = preSolution
		Debug|Any CPU = Debug|Any CPU
		Release|Any CPU = Release|Any CPU
	EndGlobalSection
	GlobalSection(ProjectConfigurationPlatforms) = postSolution
		{0F44D31C-1415-43CB-9735-19414D581E69}.Debug|Any CPU.ActiveCfg = Debug|Any CPU
		{0F44D31C-1415-43CB-9735-19414D581E69}.Debug|Any CPU.Build.0 = Debug|Any CPU
		{0F44D31C-1415-43CB-9735-19414D581E69}.Release|Any CPU.ActiveCfg = Release|Any CPU
		{0F44D31C-1415-43CB-9735-19414D581E69}.Release|Any CPU.Build.0 = Release|Any CPU
	EndGlobalSection
	GlobalSection(SolutionProperties) = preSolution
		HideSolutionNode = FALSE
	EndGlobalSection
	GlobalSection(ExtensibilityGlobals) = postSolution
		SolutionGuid = {E79F3E58-2095-4EA7-9B12-B3F8B30FD598}
	EndGlobalSection
EndGlobal
